// !$*UTF8*$!
{
	archiveVersion = 1;
	classes = {
	};
	objectVersion = 53;
	objects = {

/* Begin PBXBuildFile section */
		AA27334B275FBCF300A593B4 /* main-fix.c in Sources */ = {isa = PBXBuildFile; fileRef = AA27334A275FBCF300A593B4 /* main-fix.c */; };
		AA273354275FC20B00A593B4 /* libscrcpy-bridge.a in Frameworks */ = {isa = PBXBuildFile; fileRef = AACAD32427591A070058EFDF /* libscrcpy-bridge.a */; };
		AA2733592760D35C00A593B4 /* adb-fix.c in Sources */ = {isa = PBXBuildFile; fileRef = AA2733582760D35C00A593B4 /* adb-fix.c */; };
		AA27336427624F1000A593B4 /* scrcpy_bridge.m in Sources */ = {isa = PBXBuildFile; fileRef = AA27336327624F1000A593B4 /* scrcpy_bridge.m */; };
		AA2B664F26EBB67A0089F2E7 /* SDLUIKitDelegate+Extend.m in Sources */ = {isa = PBXBuildFile; fileRef = AA2B664E26EBB67A0089F2E7 /* SDLUIKitDelegate+Extend.m */; };
		AA2B665226EBC0810089F2E7 /* SchemeHandler.m in Sources */ = {isa = PBXBuildFile; fileRef = AA2B665126EBC0810089F2E7 /* SchemeHandler.m */; };
		AA3154D82762F5E7006C5226 /* server-fix.c in Sources */ = {isa = PBXBuildFile; fileRef = AA3154D72762F5E7006C5226 /* server-fix.c */; };
		AA3154D927632996006C5226 /* scrcpy-server in Resources */ = {isa = PBXBuildFile; fileRef = AACAD32F275FB0570058EFDF /* scrcpy-server */; };
		AA3154DB27636112006C5226 /* process-fix.c in Sources */ = {isa = PBXBuildFile; fileRef = AA3154DA27636112006C5226 /* process-fix.c */; };
		AA3154DD27636417006C5226 /* screen-fix.m in Sources */ = {isa = PBXBuildFile; fileRef = AA3154DC27636417006C5226 /* screen-fix.m */; };
		AA3154E02763B14B006C5226 /* decoder-fix.c in Sources */ = {isa = PBXBuildFile; fileRef = AA3154DF2763B14B006C5226 /* decoder-fix.c */; };
		AA3154E52763B1DE006C5226 /* ffmpeg-hw.m in Sources */ = {isa = PBXBuildFile; fileRef = AA3154E42763B1DE006C5226 /* ffmpeg-hw.m */; };
		AA3154F42765943A006C5226 /* stream-fix.c in Sources */ = {isa = PBXBuildFile; fileRef = AA3154F32765943A006C5226 /* stream-fix.c */; };
		AA6FFDA526B985D7001ACD22 /* SDL_uikitviewcontroller+Extend.m in Sources */ = {isa = PBXBuildFile; fileRef = AA6FFDA426B985D7001ACD22 /* SDL_uikitviewcontroller+Extend.m */; };
		AA7766832698A5AB0025990D /* ScrcpyViewController.m in Sources */ = {isa = PBXBuildFile; fileRef = AA7766822698A5AB0025990D /* ScrcpyViewController.m */; };
		AA8C04C7269C8FE0001D9A4F /* NSError+Alert.m in Sources */ = {isa = PBXBuildFile; fileRef = AA8C04C6269C8FE0001D9A4F /* NSError+Alert.m */; };
		AA948B63278497530004DA81 /* LogViewController.m in Sources */ = {isa = PBXBuildFile; fileRef = AA948B62278497530004DA81 /* LogViewController.m */; };
		AA9C22B92767A3650001DB7D /* controller-fix.c in Sources */ = {isa = PBXBuildFile; fileRef = AA9C22B82767A3640001DB7D /* controller-fix.c */; };
		AAA221A026959AA200307990 /* Assets.xcassets in Resources */ = {isa = PBXBuildFile; fileRef = AAA2219F26959AA200307990 /* Assets.xcassets */; };
		AAA221A626959AA200307990 /* main.m in Sources */ = {isa = PBXBuildFile; fileRef = AAA221A526959AA200307990 /* main.m */; };
		AAA2228D2695B62300307990 /* Main.storyboard in Resources */ = {isa = PBXBuildFile; fileRef = AAA2228B2695B62300307990 /* Main.storyboard */; };
		AAA222A7269609BE00307990 /* libscrcpy-core.a in Frameworks */ = {isa = PBXBuildFile; fileRef = AAA2221C2695B3A600307990 /* libscrcpy-core.a */; };
		AAAA7AB52750C2DC00F7ED1C /* Gossh.xcframework in Frameworks */ = {isa = PBXBuildFile; fileRef = AAAA7AB42750C2DC00F7ED1C /* Gossh.xcframework */; };
		AAB5E5C326AE9201000396BE /* LaunchScreen.storyboard in Resources */ = {isa = PBXBuildFile; fileRef = AAB5E5C226AE9201000396BE /* LaunchScreen.storyboard */; };
		AABD713F277868460004B859 /* NSString+Utils.m in Sources */ = {isa = PBXBuildFile; fileRef = AABD713E277868460004B859 /* NSString+Utils.m */; };
		AACAD32D27591C6C0058EFDF /* ScrcpyBridge.m in Sources */ = {isa = PBXBuildFile; fileRef = AACAD31E275919270058EFDF /* ScrcpyBridge.m */; };
		AACAD32E27591E130058EFDF /* ScrcpyParams.m in Sources */ = {isa = PBXBuildFile; fileRef = AAAB5A3726C75AC8000A1EEB /* ScrcpyParams.m */; };
		AACAD334275FB5970058EFDF /* scrcpy-fix.c in Sources */ = {isa = PBXBuildFile; fileRef = AACAD333275FB5970058EFDF /* scrcpy-fix.c */; };
		AAD3E1382757C8DA00B4854A /* log.c in Sources */ = {isa = PBXBuildFile; fileRef = AAD3E0CD2757C8D900B4854A /* log.c */; };
		AAD3E1392757C8DA00B4854A /* net_intr.c in Sources */ = {isa = PBXBuildFile; fileRef = AAD3E0CF2757C8D900B4854A /* net_intr.c */; };
		AAD3E13A2757C8DA00B4854A /* thread.c in Sources */ = {isa = PBXBuildFile; fileRef = AAD3E0D02757C8D900B4854A /* thread.c */; };
		AAD3E13B2757C8DA00B4854A /* term.c in Sources */ = {isa = PBXBuildFile; fileRef = AAD3E0D12757C8D900B4854A /* term.c */; };
		AAD3E13C2757C8DA00B4854A /* process.c in Sources */ = {isa = PBXBuildFile; fileRef = AAD3E0D32757C8D900B4854A /* process.c */; };
		AAD3E13D2757C8DA00B4854A /* str.c in Sources */ = {isa = PBXBuildFile; fileRef = AAD3E0D92757C8D900B4854A /* str.c */; };
		AAD3E13E2757C8DA00B4854A /* process_intr.c in Sources */ = {isa = PBXBuildFile; fileRef = AAD3E0DA2757C8D900B4854A /* process_intr.c */; };
		AAD3E13F2757C8DA00B4854A /* strbuf.c in Sources */ = {isa = PBXBuildFile; fileRef = AAD3E0E02757C8D900B4854A /* strbuf.c */; };
		AAD3E1402757C8DA00B4854A /* net.c in Sources */ = {isa = PBXBuildFile; fileRef = AAD3E0E22757C8D900B4854A /* net.c */; };
		AAD3E1412757C8DA00B4854A /* file.c in Sources */ = {isa = PBXBuildFile; fileRef = AAD3E0E62757C8D900B4854A /* file.c */; };
		AAD3E1422757C8DA00B4854A /* acksync.c in Sources */ = {isa = PBXBuildFile; fileRef = AAD3E0E72757C8D900B4854A /* acksync.c */; };
		AAD3E1432757C8DA00B4854A /* tick.c in Sources */ = {isa = PBXBuildFile; fileRef = AAD3E0E82757C8D900B4854A /* tick.c */; };
		AAD3E1442757C8DA00B4854A /* intmap.c in Sources */ = {isa = PBXBuildFile; fileRef = AAD3E0EA2757C8D900B4854A /* intmap.c */; };
		AAD3E1452757C8DA00B4854A /* intr.c in Sources */ = {isa = PBXBuildFile; fileRef = AAD3E0EB2757C8D900B4854A /* intr.c */; };
		AAD3E1462757C8DA00B4854A /* hid_keyboard.c in Sources */ = {isa = PBXBuildFile; fileRef = AAD3E0EE2757C8D900B4854A /* hid_keyboard.c */; };
		AAD3E1472757C8DA00B4854A /* frame_buffer.c in Sources */ = {isa = PBXBuildFile; fileRef = AAD3E0EF2757C8D900B4854A /* frame_buffer.c */; };
		AAD3E1482757C8DA00B4854A /* clock.c in Sources */ = {isa = PBXBuildFile; fileRef = AAD3E0F02757C8D900B4854A /* clock.c */; };
		AAD3E1492757C8DA00B4854A /* device_msg.c in Sources */ = {isa = PBXBuildFile; fileRef = AAD3E0F22757C8D900B4854A /* device_msg.c */; };
		AAD3E14A2757C8DA00B4854A /* v4l2_sink.c in Sources */ = {isa = PBXBuildFile; fileRef = AAD3E0F42757C8D900B4854A /* v4l2_sink.c */; };
		AAD3E14B2757C8DA00B4854A /* server.c in Sources */ = {isa = PBXBuildFile; fileRef = AAD3E0F52757C8D900B4854A /* server.c */; };
		AAD3E14C2757C8DA00B4854A /* receiver.c in Sources */ = {isa = PBXBuildFile; fileRef = AAD3E0F72757C8D900B4854A /* receiver.c */; };
		AAD3E14D2757C8DA00B4854A /* compat.c in Sources */ = {isa = PBXBuildFile; fileRef = AAD3E0F82757C8D900B4854A /* compat.c */; };
		AAD3E14E2757C8DA00B4854A /* screen.c in Sources */ = {isa = PBXBuildFile; fileRef = AAD3E0FA2757C8D900B4854A /* screen.c */; };
		AAD3E14F2757C8DA00B4854A /* video_buffer.c in Sources */ = {isa = PBXBuildFile; fileRef = AAD3E0FB2757C8D900B4854A /* video_buffer.c */; };
		AAD3E1502757C8DA00B4854A /* decoder.c in Sources */ = {isa = PBXBuildFile; fileRef = AAD3E1012757C8D900B4854A /* decoder.c */; };
		AAD3E1512757C8DA00B4854A /* aoa_hid.c in Sources */ = {isa = PBXBuildFile; fileRef = AAD3E1022757C8D900B4854A /* aoa_hid.c */; };
		AAD3E1522757C8DA00B4854A /* cli.c in Sources */ = {isa = PBXBuildFile; fileRef = AAD3E1052757C8D900B4854A /* cli.c */; };
		AAD3E1532757C8DA00B4854A /* file_handler.c in Sources */ = {isa = PBXBuildFile; fileRef = AAD3E1062757C8D900B4854A /* file_handler.c */; };
		AAD3E1542757C8DA00B4854A /* fps_counter.c in Sources */ = {isa = PBXBuildFile; fileRef = AAD3E1072757C8D900B4854A /* fps_counter.c */; };
		AAD3E1552757C8DA00B4854A /* keyboard_inject.c in Sources */ = {isa = PBXBuildFile; fileRef = AAD3E1082757C8D900B4854A /* keyboard_inject.c */; };
		AAD3E1562757C8DA00B4854A /* opengl.c in Sources */ = {isa = PBXBuildFile; fileRef = AAD3E1092757C8D900B4854A /* opengl.c */; };
		AAD3E1572757C8DA00B4854A /* control_msg.c in Sources */ = {isa = PBXBuildFile; fileRef = AAD3E10A2757C8D900B4854A /* control_msg.c */; };
		AAD3E1582757C8DA00B4854A /* scrcpy.c in Sources */ = {isa = PBXBuildFile; fileRef = AAD3E1102757C8D900B4854A /* scrcpy.c */; };
		AAD3E1592757C8DA00B4854A /* stream.c in Sources */ = {isa = PBXBuildFile; fileRef = AAD3E1122757C8DA00B4854A /* stream.c */; };
		AAD3E15A2757C8DA00B4854A /* controller.c in Sources */ = {isa = PBXBuildFile; fileRef = AAD3E1172757C8DA00B4854A /* controller.c */; };
		AAD3E15D2757C8DA00B4854A /* process.c in Sources */ = {isa = PBXBuildFile; fileRef = AAD3E11D2757C8DA00B4854A /* process.c */; };
		AAD3E15E2757C8DA00B4854A /* file.c in Sources */ = {isa = PBXBuildFile; fileRef = AAD3E11E2757C8DA00B4854A /* file.c */; };
		AAD3E15F2757C8DA00B4854A /* icon.c in Sources */ = {isa = PBXBuildFile; fileRef = AAD3E11F2757C8DA00B4854A /* icon.c */; };
		AAD3E1602757C8DA00B4854A /* main.c in Sources */ = {isa = PBXBuildFile; fileRef = AAD3E1272757C8DA00B4854A /* main.c */; };
		AAD3E1612757C8DA00B4854A /* input_manager.c in Sources */ = {isa = PBXBuildFile; fileRef = AAD3E12A2757C8DA00B4854A /* input_manager.c */; };
		AAD3E1622757C8DA00B4854A /* mouse_inject.c in Sources */ = {isa = PBXBuildFile; fileRef = AAD3E12C2757C8DA00B4854A /* mouse_inject.c */; };
		AAD3E1632757C8DA00B4854A /* adb_tunnel.c in Sources */ = {isa = PBXBuildFile; fileRef = AAD3E12D2757C8DA00B4854A /* adb_tunnel.c */; };
		AAD3E1642757C8DA00B4854A /* recorder.c in Sources */ = {isa = PBXBuildFile; fileRef = AAD3E12F2757C8DA00B4854A /* recorder.c */; };
		AAD3E1652757C8DA00B4854A /* adb.c in Sources */ = {isa = PBXBuildFile; fileRef = AAD3E1352757C8DA00B4854A /* adb.c */; };
		AAD3E1662757C8DA00B4854A /* options.c in Sources */ = {isa = PBXBuildFile; fileRef = AAD3E1362757C8DA00B4854A /* options.c */; };
		AAD3E1672757C8DA00B4854A /* adb_parser.c in Sources */ = {isa = PBXBuildFile; fileRef = AAD3E1372757C8DA00B4854A /* adb_parser.c */; };
/* End PBXBuildFile section */

/* Begin PBXCopyFilesBuildPhase section */
		AAA2221A2695B3A600307990 /* CopyFiles */ = {
			isa = PBXCopyFilesBuildPhase;
			buildActionMask = 2147483647;
			dstPath = "include/$(PRODUCT_NAME)";
			dstSubfolderSpec = 16;
			files = (
			);
			runOnlyForDeploymentPostprocessing = 0;
		};
		AACAD32227591A070058EFDF /* CopyFiles */ = {
			isa = PBXCopyFilesBuildPhase;
			buildActionMask = 2147483647;
			dstPath = "include/$(PRODUCT_NAME)";
			dstSubfolderSpec = 16;
			files = (
			);
			runOnlyForDeploymentPostprocessing = 0;
		};
/* End PBXCopyFilesBuildPhase section */

/* Begin PBXFileReference section */
		AA27334A275FBCF300A593B4 /* main-fix.c */ = {isa = PBXFileReference; lastKnownFileType = sourcecode.c.c; path = "main-fix.c"; sourceTree = "<group>"; };
		AA2733582760D35C00A593B4 /* adb-fix.c */ = {isa = PBXFileReference; lastKnownFileType = sourcecode.c.c; path = "adb-fix.c"; sourceTree = "<group>"; };
		AA27336027624EF600A593B4 /* scrcpy_bridge.h */ = {isa = PBXFileReference; lastKnownFileType = sourcecode.c.h; path = scrcpy_bridge.h; sourceTree = "<group>"; };
		AA27336327624F1000A593B4 /* scrcpy_bridge.m */ = {isa = PBXFileReference; fileEncoding = 4; lastKnownFileType = sourcecode.c.objc; path = scrcpy_bridge.m; sourceTree = "<group>"; };
		AA2B664D26EBB67A0089F2E7 /* SDLUIKitDelegate+Extend.h */ = {isa = PBXFileReference; lastKnownFileType = sourcecode.c.h; path = "SDLUIKitDelegate+Extend.h"; sourceTree = "<group>"; };
		AA2B664E26EBB67A0089F2E7 /* SDLUIKitDelegate+Extend.m */ = {isa = PBXFileReference; lastKnownFileType = sourcecode.c.objc; path = "SDLUIKitDelegate+Extend.m"; sourceTree = "<group>"; };
		AA2B665026EBC0810089F2E7 /* SchemeHandler.h */ = {isa = PBXFileReference; lastKnownFileType = sourcecode.c.h; path = SchemeHandler.h; sourceTree = "<group>"; };
		AA2B665126EBC0810089F2E7 /* SchemeHandler.m */ = {isa = PBXFileReference; lastKnownFileType = sourcecode.c.objc; path = SchemeHandler.m; sourceTree = "<group>"; };
		AA3154D627625977006C5226 /* config.h */ = {isa = PBXFileReference; lastKnownFileType = sourcecode.c.h; path = config.h; sourceTree = "<group>"; };
		AA3154D72762F5E7006C5226 /* server-fix.c */ = {isa = PBXFileReference; lastKnownFileType = sourcecode.c.c; path = "server-fix.c"; sourceTree = "<group>"; };
		AA3154DA27636112006C5226 /* process-fix.c */ = {isa = PBXFileReference; lastKnownFileType = sourcecode.c.c; path = "process-fix.c"; sourceTree = "<group>"; };
		AA3154DC27636417006C5226 /* screen-fix.m */ = {isa = PBXFileReference; lastKnownFileType = sourcecode.c.objc; path = "screen-fix.m"; sourceTree = "<group>"; };
		AA3154DE276364C7006C5226 /* screen-fix.h */ = {isa = PBXFileReference; lastKnownFileType = sourcecode.c.h; path = "screen-fix.h"; sourceTree = "<group>"; };
		AA3154DF2763B14B006C5226 /* decoder-fix.c */ = {isa = PBXFileReference; lastKnownFileType = sourcecode.c.c; path = "decoder-fix.c"; sourceTree = "<group>"; };
		AA3154E32763B1DE006C5226 /* ffmpeg-hw.h */ = {isa = PBXFileReference; lastKnownFileType = sourcecode.c.h; path = "ffmpeg-hw.h"; sourceTree = "<group>"; };
		AA3154E42763B1DE006C5226 /* ffmpeg-hw.m */ = {isa = PBXFileReference; lastKnownFileType = sourcecode.c.objc; path = "ffmpeg-hw.m"; sourceTree = "<group>"; };
		AA3154F32765943A006C5226 /* stream-fix.c */ = {isa = PBXFileReference; fileEncoding = 4; lastKnownFileType = sourcecode.c.c; path = "stream-fix.c"; sourceTree = "<group>"; };
		AA6FFDA326B985D6001ACD22 /* SDL_uikitviewcontroller+Extend.h */ = {isa = PBXFileReference; fileEncoding = 4; lastKnownFileType = sourcecode.c.h; path = "SDL_uikitviewcontroller+Extend.h"; sourceTree = "<group>"; };
		AA6FFDA426B985D7001ACD22 /* SDL_uikitviewcontroller+Extend.m */ = {isa = PBXFileReference; fileEncoding = 4; lastKnownFileType = sourcecode.c.objc; path = "SDL_uikitviewcontroller+Extend.m"; sourceTree = "<group>"; };
		AA7766812698A5AB0025990D /* ScrcpyViewController.h */ = {isa = PBXFileReference; lastKnownFileType = sourcecode.c.h; path = ScrcpyViewController.h; sourceTree = "<group>"; };
		AA7766822698A5AB0025990D /* ScrcpyViewController.m */ = {isa = PBXFileReference; lastKnownFileType = sourcecode.c.objc; path = ScrcpyViewController.m; sourceTree = "<group>"; };
		AA8C04C5269C8FE0001D9A4F /* NSError+Alert.h */ = {isa = PBXFileReference; lastKnownFileType = sourcecode.c.h; path = "NSError+Alert.h"; sourceTree = "<group>"; };
		AA8C04C6269C8FE0001D9A4F /* NSError+Alert.m */ = {isa = PBXFileReference; lastKnownFileType = sourcecode.c.objc; path = "NSError+Alert.m"; sourceTree = "<group>"; };
		AA948B61278497530004DA81 /* LogViewController.h */ = {isa = PBXFileReference; lastKnownFileType = sourcecode.c.h; path = LogViewController.h; sourceTree = "<group>"; };
		AA948B62278497530004DA81 /* LogViewController.m */ = {isa = PBXFileReference; lastKnownFileType = sourcecode.c.objc; path = LogViewController.m; sourceTree = "<group>"; };
		AA9C22B82767A3640001DB7D /* controller-fix.c */ = {isa = PBXFileReference; lastKnownFileType = sourcecode.c.c; path = "controller-fix.c"; sourceTree = "<group>"; };
		AAA2219026959AA000307990 /* Scrcpy.app */ = {isa = PBXFileReference; explicitFileType = wrapper.application; includeInIndex = 0; path = Scrcpy.app; sourceTree = BUILT_PRODUCTS_DIR; };
		AAA2219F26959AA200307990 /* Assets.xcassets */ = {isa = PBXFileReference; lastKnownFileType = folder.assetcatalog; path = Assets.xcassets; sourceTree = "<group>"; };
		AAA221A426959AA200307990 /* Info.plist */ = {isa = PBXFileReference; lastKnownFileType = text.plist.xml; path = Info.plist; sourceTree = "<group>"; };
		AAA221A526959AA200307990 /* main.m */ = {isa = PBXFileReference; lastKnownFileType = sourcecode.c.objc; path = main.m; sourceTree = "<group>"; };
		AAA2221C2695B3A600307990 /* libscrcpy-core.a */ = {isa = PBXFileReference; explicitFileType = archive.ar; includeInIndex = 0; path = "libscrcpy-core.a"; sourceTree = BUILT_PRODUCTS_DIR; };
		AAA222882695B42100307990 /* PrefixHeader.pch */ = {isa = PBXFileReference; fileEncoding = 4; lastKnownFileType = sourcecode.c.h; path = PrefixHeader.pch; sourceTree = "<group>"; };
		AAA2228C2695B62300307990 /* Base */ = {isa = PBXFileReference; lastKnownFileType = file.storyboard; name = Base; path = Base.lproj/Main.storyboard; sourceTree = "<group>"; };
		AAAA7AB42750C2DC00F7ED1C /* Gossh.xcframework */ = {isa = PBXFileReference; lastKnownFileType = wrapper.xcframework; name = Gossh.xcframework; path = ssh/Gossh.xcframework; sourceTree = "<group>"; };
		AAAB5A3626C75AC8000A1EEB /* ScrcpyParams.h */ = {isa = PBXFileReference; lastKnownFileType = sourcecode.c.h; path = ScrcpyParams.h; sourceTree = "<group>"; };
		AAAB5A3726C75AC8000A1EEB /* ScrcpyParams.m */ = {isa = PBXFileReference; lastKnownFileType = sourcecode.c.objc; path = ScrcpyParams.m; sourceTree = "<group>"; };
		AAB5E5C226AE9201000396BE /* LaunchScreen.storyboard */ = {isa = PBXFileReference; lastKnownFileType = file.storyboard; path = LaunchScreen.storyboard; sourceTree = "<group>"; };
		AABD713D277868460004B859 /* NSString+Utils.h */ = {isa = PBXFileReference; lastKnownFileType = sourcecode.c.h; path = "NSString+Utils.h"; sourceTree = "<group>"; };
		AABD713E277868460004B859 /* NSString+Utils.m */ = {isa = PBXFileReference; lastKnownFileType = sourcecode.c.objc; path = "NSString+Utils.m"; sourceTree = "<group>"; };
		AACAD31D275919270058EFDF /* ScrcpyBridge.h */ = {isa = PBXFileReference; lastKnownFileType = sourcecode.c.h; path = ScrcpyBridge.h; sourceTree = "<group>"; };
		AACAD31E275919270058EFDF /* ScrcpyBridge.m */ = {isa = PBXFileReference; lastKnownFileType = sourcecode.c.objc; path = ScrcpyBridge.m; sourceTree = "<group>"; };
		AACAD32427591A070058EFDF /* libscrcpy-bridge.a */ = {isa = PBXFileReference; explicitFileType = archive.ar; includeInIndex = 0; path = "libscrcpy-bridge.a"; sourceTree = BUILT_PRODUCTS_DIR; };
		AACAD32F275FB0570058EFDF /* scrcpy-server */ = {isa = PBXFileReference; fileEncoding = 4; lastKnownFileType = file; name = "scrcpy-server"; path = "v1.21/scrcpy-server"; sourceTree = "<group>"; };
		AACAD333275FB5970058EFDF /* scrcpy-fix.c */ = {isa = PBXFileReference; lastKnownFileType = sourcecode.c.c; path = "scrcpy-fix.c"; sourceTree = "<group>"; };
		AAD3E0CB2757C8D900B4854A /* keyboard_inject.h */ = {isa = PBXFileReference; fileEncoding = 4; lastKnownFileType = sourcecode.c.h; path = keyboard_inject.h; sourceTree = "<group>"; };
		AAD3E0CD2757C8D900B4854A /* log.c */ = {isa = PBXFileReference; fileEncoding = 4; lastKnownFileType = sourcecode.c.c; path = log.c; sourceTree = "<group>"; };
		AAD3E0CE2757C8D900B4854A /* strbuf.h */ = {isa = PBXFileReference; fileEncoding = 4; lastKnownFileType = sourcecode.c.h; path = strbuf.h; sourceTree = "<group>"; };
		AAD3E0CF2757C8D900B4854A /* net_intr.c */ = {isa = PBXFileReference; fileEncoding = 4; lastKnownFileType = sourcecode.c.c; path = net_intr.c; sourceTree = "<group>"; };
		AAD3E0D02757C8D900B4854A /* thread.c */ = {isa = PBXFileReference; fileEncoding = 4; lastKnownFileType = sourcecode.c.c; path = thread.c; sourceTree = "<group>"; };
		AAD3E0D12757C8D900B4854A /* term.c */ = {isa = PBXFileReference; fileEncoding = 4; lastKnownFileType = sourcecode.c.c; path = term.c; sourceTree = "<group>"; };
		AAD3E0D22757C8D900B4854A /* buffer_util.h */ = {isa = PBXFileReference; fileEncoding = 4; lastKnownFileType = sourcecode.c.h; path = buffer_util.h; sourceTree = "<group>"; };
		AAD3E0D32757C8D900B4854A /* process.c */ = {isa = PBXFileReference; fileEncoding = 4; lastKnownFileType = sourcecode.c.c; path = process.c; sourceTree = "<group>"; };
		AAD3E0D42757C8D900B4854A /* net.h */ = {isa = PBXFileReference; fileEncoding = 4; lastKnownFileType = sourcecode.c.h; path = net.h; sourceTree = "<group>"; };
		AAD3E0D52757C8D900B4854A /* acksync.h */ = {isa = PBXFileReference; fileEncoding = 4; lastKnownFileType = sourcecode.c.h; path = acksync.h; sourceTree = "<group>"; };
		AAD3E0D62757C8D900B4854A /* tick.h */ = {isa = PBXFileReference; fileEncoding = 4; lastKnownFileType = sourcecode.c.h; path = tick.h; sourceTree = "<group>"; };
		AAD3E0D72757C8D900B4854A /* file.h */ = {isa = PBXFileReference; fileEncoding = 4; lastKnownFileType = sourcecode.c.h; path = file.h; sourceTree = "<group>"; };
		AAD3E0D82757C8D900B4854A /* cbuf.h */ = {isa = PBXFileReference; fileEncoding = 4; lastKnownFileType = sourcecode.c.h; path = cbuf.h; sourceTree = "<group>"; };
		AAD3E0D92757C8D900B4854A /* str.c */ = {isa = PBXFileReference; fileEncoding = 4; lastKnownFileType = sourcecode.c.c; path = str.c; sourceTree = "<group>"; };
		AAD3E0DA2757C8D900B4854A /* process_intr.c */ = {isa = PBXFileReference; fileEncoding = 4; lastKnownFileType = sourcecode.c.c; path = process_intr.c; sourceTree = "<group>"; };
		AAD3E0DB2757C8D900B4854A /* intr.h */ = {isa = PBXFileReference; fileEncoding = 4; lastKnownFileType = sourcecode.c.h; path = intr.h; sourceTree = "<group>"; };
		AAD3E0DC2757C8D900B4854A /* intmap.h */ = {isa = PBXFileReference; fileEncoding = 4; lastKnownFileType = sourcecode.c.h; path = intmap.h; sourceTree = "<group>"; };
		AAD3E0DD2757C8D900B4854A /* term.h */ = {isa = PBXFileReference; fileEncoding = 4; lastKnownFileType = sourcecode.c.h; path = term.h; sourceTree = "<group>"; };
		AAD3E0DE2757C8D900B4854A /* thread.h */ = {isa = PBXFileReference; fileEncoding = 4; lastKnownFileType = sourcecode.c.h; path = thread.h; sourceTree = "<group>"; };
		AAD3E0DF2757C8D900B4854A /* net_intr.h */ = {isa = PBXFileReference; fileEncoding = 4; lastKnownFileType = sourcecode.c.h; path = net_intr.h; sourceTree = "<group>"; };
		AAD3E0E02757C8D900B4854A /* strbuf.c */ = {isa = PBXFileReference; fileEncoding = 4; lastKnownFileType = sourcecode.c.c; path = strbuf.c; sourceTree = "<group>"; };
		AAD3E0E12757C8D900B4854A /* log.h */ = {isa = PBXFileReference; fileEncoding = 4; lastKnownFileType = sourcecode.c.h; path = log.h; sourceTree = "<group>"; };
		AAD3E0E22757C8D900B4854A /* net.c */ = {isa = PBXFileReference; fileEncoding = 4; lastKnownFileType = sourcecode.c.c; path = net.c; sourceTree = "<group>"; };
		AAD3E0E32757C8D900B4854A /* process.h */ = {isa = PBXFileReference; fileEncoding = 4; lastKnownFileType = sourcecode.c.h; path = process.h; sourceTree = "<group>"; };
		AAD3E0E42757C8D900B4854A /* process_intr.h */ = {isa = PBXFileReference; fileEncoding = 4; lastKnownFileType = sourcecode.c.h; path = process_intr.h; sourceTree = "<group>"; };
		AAD3E0E52757C8D900B4854A /* str.h */ = {isa = PBXFileReference; fileEncoding = 4; lastKnownFileType = sourcecode.c.h; path = str.h; sourceTree = "<group>"; };
		AAD3E0E62757C8D900B4854A /* file.c */ = {isa = PBXFileReference; fileEncoding = 4; lastKnownFileType = sourcecode.c.c; path = file.c; sourceTree = "<group>"; };
		AAD3E0E72757C8D900B4854A /* acksync.c */ = {isa = PBXFileReference; fileEncoding = 4; lastKnownFileType = sourcecode.c.c; path = acksync.c; sourceTree = "<group>"; };
		AAD3E0E82757C8D900B4854A /* tick.c */ = {isa = PBXFileReference; fileEncoding = 4; lastKnownFileType = sourcecode.c.c; path = tick.c; sourceTree = "<group>"; };
		AAD3E0E92757C8D900B4854A /* queue.h */ = {isa = PBXFileReference; fileEncoding = 4; lastKnownFileType = sourcecode.c.h; path = queue.h; sourceTree = "<group>"; };
		AAD3E0EA2757C8D900B4854A /* intmap.c */ = {isa = PBXFileReference; fileEncoding = 4; lastKnownFileType = sourcecode.c.c; path = intmap.c; sourceTree = "<group>"; };
		AAD3E0EB2757C8D900B4854A /* intr.c */ = {isa = PBXFileReference; fileEncoding = 4; lastKnownFileType = sourcecode.c.c; path = intr.c; sourceTree = "<group>"; };
		AAD3E0EC2757C8D900B4854A /* fps_counter.h */ = {isa = PBXFileReference; fileEncoding = 4; lastKnownFileType = sourcecode.c.h; path = fps_counter.h; sourceTree = "<group>"; };
		AAD3E0ED2757C8D900B4854A /* mouse_inject.h */ = {isa = PBXFileReference; fileEncoding = 4; lastKnownFileType = sourcecode.c.h; path = mouse_inject.h; sourceTree = "<group>"; };
		AAD3E0EE2757C8D900B4854A /* hid_keyboard.c */ = {isa = PBXFileReference; fileEncoding = 4; lastKnownFileType = sourcecode.c.c; path = hid_keyboard.c; sourceTree = "<group>"; };
		AAD3E0EF2757C8D900B4854A /* frame_buffer.c */ = {isa = PBXFileReference; fileEncoding = 4; lastKnownFileType = sourcecode.c.c; path = frame_buffer.c; sourceTree = "<group>"; };
		AAD3E0F02757C8D900B4854A /* clock.c */ = {isa = PBXFileReference; fileEncoding = 4; lastKnownFileType = sourcecode.c.c; path = clock.c; sourceTree = "<group>"; };
		AAD3E0F12757C8D900B4854A /* video_buffer.h */ = {isa = PBXFileReference; fileEncoding = 4; lastKnownFileType = sourcecode.c.h; path = video_buffer.h; sourceTree = "<group>"; };
		AAD3E0F22757C8D900B4854A /* device_msg.c */ = {isa = PBXFileReference; fileEncoding = 4; lastKnownFileType = sourcecode.c.c; path = device_msg.c; sourceTree = "<group>"; };
		AAD3E0F32757C8D900B4854A /* adb.h */ = {isa = PBXFileReference; fileEncoding = 4; lastKnownFileType = sourcecode.c.h; path = adb.h; sourceTree = "<group>"; };
		AAD3E0F42757C8D900B4854A /* v4l2_sink.c */ = {isa = PBXFileReference; fileEncoding = 4; lastKnownFileType = sourcecode.c.c; path = v4l2_sink.c; sourceTree = "<group>"; };
		AAD3E0F52757C8D900B4854A /* server.c */ = {isa = PBXFileReference; fileEncoding = 4; lastKnownFileType = sourcecode.c.c; path = server.c; sourceTree = "<group>"; };
		AAD3E0F62757C8D900B4854A /* scrcpy.h */ = {isa = PBXFileReference; fileEncoding = 4; lastKnownFileType = sourcecode.c.h; path = scrcpy.h; sourceTree = "<group>"; };
		AAD3E0F72757C8D900B4854A /* receiver.c */ = {isa = PBXFileReference; fileEncoding = 4; lastKnownFileType = sourcecode.c.c; path = receiver.c; sourceTree = "<group>"; };
		AAD3E0F82757C8D900B4854A /* compat.c */ = {isa = PBXFileReference; fileEncoding = 4; lastKnownFileType = sourcecode.c.c; path = compat.c; sourceTree = "<group>"; };
		AAD3E0F92757C8D900B4854A /* frame_buffer.h */ = {isa = PBXFileReference; fileEncoding = 4; lastKnownFileType = sourcecode.c.h; path = frame_buffer.h; sourceTree = "<group>"; };
		AAD3E0FA2757C8D900B4854A /* screen.c */ = {isa = PBXFileReference; fileEncoding = 4; lastKnownFileType = sourcecode.c.c; path = screen.c; sourceTree = "<group>"; };
		AAD3E0FB2757C8D900B4854A /* video_buffer.c */ = {isa = PBXFileReference; fileEncoding = 4; lastKnownFileType = sourcecode.c.c; path = video_buffer.c; sourceTree = "<group>"; };
		AAD3E0FC2757C8D900B4854A /* recorder.h */ = {isa = PBXFileReference; fileEncoding = 4; lastKnownFileType = sourcecode.c.h; path = recorder.h; sourceTree = "<group>"; };
		AAD3E0FE2757C8D900B4854A /* input.h */ = {isa = PBXFileReference; fileEncoding = 4; lastKnownFileType = sourcecode.c.h; path = input.h; sourceTree = "<group>"; };
		AAD3E0FF2757C8D900B4854A /* keycodes.h */ = {isa = PBXFileReference; fileEncoding = 4; lastKnownFileType = sourcecode.c.h; path = keycodes.h; sourceTree = "<group>"; };
		AAD3E1002757C8D900B4854A /* v4l2_sink.h */ = {isa = PBXFileReference; fileEncoding = 4; lastKnownFileType = sourcecode.c.h; path = v4l2_sink.h; sourceTree = "<group>"; };
		AAD3E1012757C8D900B4854A /* decoder.c */ = {isa = PBXFileReference; fileEncoding = 4; lastKnownFileType = sourcecode.c.c; path = decoder.c; sourceTree = "<group>"; };
		AAD3E1022757C8D900B4854A /* aoa_hid.c */ = {isa = PBXFileReference; fileEncoding = 4; lastKnownFileType = sourcecode.c.c; path = aoa_hid.c; sourceTree = "<group>"; };
		AAD3E1032757C8D900B4854A /* receiver.h */ = {isa = PBXFileReference; fileEncoding = 4; lastKnownFileType = sourcecode.c.h; path = receiver.h; sourceTree = "<group>"; };
		AAD3E1042757C8D900B4854A /* aoa_hid.h */ = {isa = PBXFileReference; fileEncoding = 4; lastKnownFileType = sourcecode.c.h; path = aoa_hid.h; sourceTree = "<group>"; };
		AAD3E1052757C8D900B4854A /* cli.c */ = {isa = PBXFileReference; fileEncoding = 4; lastKnownFileType = sourcecode.c.c; path = cli.c; sourceTree = "<group>"; };
		AAD3E1062757C8D900B4854A /* file_handler.c */ = {isa = PBXFileReference; fileEncoding = 4; lastKnownFileType = sourcecode.c.c; path = file_handler.c; sourceTree = "<group>"; };
		AAD3E1072757C8D900B4854A /* fps_counter.c */ = {isa = PBXFileReference; fileEncoding = 4; lastKnownFileType = sourcecode.c.c; path = fps_counter.c; sourceTree = "<group>"; };
		AAD3E1082757C8D900B4854A /* keyboard_inject.c */ = {isa = PBXFileReference; fileEncoding = 4; lastKnownFileType = sourcecode.c.c; path = keyboard_inject.c; sourceTree = "<group>"; };
		AAD3E1092757C8D900B4854A /* opengl.c */ = {isa = PBXFileReference; fileEncoding = 4; lastKnownFileType = sourcecode.c.c; path = opengl.c; sourceTree = "<group>"; };
		AAD3E10A2757C8D900B4854A /* control_msg.c */ = {isa = PBXFileReference; fileEncoding = 4; lastKnownFileType = sourcecode.c.c; path = control_msg.c; sourceTree = "<group>"; };
		AAD3E10B2757C8D900B4854A /* file_handler.h */ = {isa = PBXFileReference; fileEncoding = 4; lastKnownFileType = sourcecode.c.h; path = file_handler.h; sourceTree = "<group>"; };
		AAD3E10C2757C8D900B4854A /* screen.h */ = {isa = PBXFileReference; fileEncoding = 4; lastKnownFileType = sourcecode.c.h; path = screen.h; sourceTree = "<group>"; };
		AAD3E10D2757C8D900B4854A /* common.h */ = {isa = PBXFileReference; fileEncoding = 4; lastKnownFileType = sourcecode.c.h; path = common.h; sourceTree = "<group>"; };
		AAD3E10E2757C8D900B4854A /* stream.h */ = {isa = PBXFileReference; fileEncoding = 4; lastKnownFileType = sourcecode.c.h; path = stream.h; sourceTree = "<group>"; };
		AAD3E10F2757C8D900B4854A /* device_msg.h */ = {isa = PBXFileReference; fileEncoding = 4; lastKnownFileType = sourcecode.c.h; path = device_msg.h; sourceTree = "<group>"; };
		AAD3E1102757C8D900B4854A /* scrcpy.c */ = {isa = PBXFileReference; fileEncoding = 4; lastKnownFileType = sourcecode.c.c; path = scrcpy.c; sourceTree = "<group>"; };
		AAD3E1112757C8D900B4854A /* controller.h */ = {isa = PBXFileReference; fileEncoding = 4; lastKnownFileType = sourcecode.c.h; path = controller.h; sourceTree = "<group>"; };
		AAD3E1122757C8DA00B4854A /* stream.c */ = {isa = PBXFileReference; fileEncoding = 4; lastKnownFileType = sourcecode.c.c; path = stream.c; sourceTree = "<group>"; };
		AAD3E1132757C8DA00B4854A /* clock.h */ = {isa = PBXFileReference; fileEncoding = 4; lastKnownFileType = sourcecode.c.h; path = clock.h; sourceTree = "<group>"; };
		AAD3E1142757C8DA00B4854A /* icon.h */ = {isa = PBXFileReference; fileEncoding = 4; lastKnownFileType = sourcecode.c.h; path = icon.h; sourceTree = "<group>"; };
		AAD3E1152757C8DA00B4854A /* options.h */ = {isa = PBXFileReference; fileEncoding = 4; lastKnownFileType = sourcecode.c.h; path = options.h; sourceTree = "<group>"; };
		AAD3E1162757C8DA00B4854A /* input_manager.h */ = {isa = PBXFileReference; fileEncoding = 4; lastKnownFileType = sourcecode.c.h; path = input_manager.h; sourceTree = "<group>"; };
		AAD3E1172757C8DA00B4854A /* controller.c */ = {isa = PBXFileReference; fileEncoding = 4; lastKnownFileType = sourcecode.c.c; path = controller.c; sourceTree = "<group>"; };
		AAD3E11D2757C8DA00B4854A /* process.c */ = {isa = PBXFileReference; fileEncoding = 4; lastKnownFileType = sourcecode.c.c; path = process.c; sourceTree = "<group>"; };
		AAD3E11E2757C8DA00B4854A /* file.c */ = {isa = PBXFileReference; fileEncoding = 4; lastKnownFileType = sourcecode.c.c; path = file.c; sourceTree = "<group>"; };
		AAD3E11F2757C8DA00B4854A /* icon.c */ = {isa = PBXFileReference; fileEncoding = 4; lastKnownFileType = sourcecode.c.c; path = icon.c; sourceTree = "<group>"; };
		AAD3E1202757C8DA00B4854A /* coords.h */ = {isa = PBXFileReference; fileEncoding = 4; lastKnownFileType = sourcecode.c.h; path = coords.h; sourceTree = "<group>"; };
		AAD3E1212757C8DA00B4854A /* decoder.h */ = {isa = PBXFileReference; fileEncoding = 4; lastKnownFileType = sourcecode.c.h; path = decoder.h; sourceTree = "<group>"; };
		AAD3E1222757C8DA00B4854A /* opengl.h */ = {isa = PBXFileReference; fileEncoding = 4; lastKnownFileType = sourcecode.c.h; path = opengl.h; sourceTree = "<group>"; };
		AAD3E1232757C8DA00B4854A /* server.h */ = {isa = PBXFileReference; fileEncoding = 4; lastKnownFileType = sourcecode.c.h; path = server.h; sourceTree = "<group>"; };
		AAD3E1242757C8DA00B4854A /* compat.h */ = {isa = PBXFileReference; fileEncoding = 4; lastKnownFileType = sourcecode.c.h; path = compat.h; sourceTree = "<group>"; };
		AAD3E1252757C8DA00B4854A /* cli.h */ = {isa = PBXFileReference; fileEncoding = 4; lastKnownFileType = sourcecode.c.h; path = cli.h; sourceTree = "<group>"; };
		AAD3E1262757C8DA00B4854A /* control_msg.h */ = {isa = PBXFileReference; fileEncoding = 4; lastKnownFileType = sourcecode.c.h; path = control_msg.h; sourceTree = "<group>"; };
		AAD3E1272757C8DA00B4854A /* main.c */ = {isa = PBXFileReference; fileEncoding = 4; lastKnownFileType = sourcecode.c.c; path = main.c; sourceTree = "<group>"; };
		AAD3E1282757C8DA00B4854A /* hid_keyboard.h */ = {isa = PBXFileReference; fileEncoding = 4; lastKnownFileType = sourcecode.c.h; path = hid_keyboard.h; sourceTree = "<group>"; };
		AAD3E1292757C8DA00B4854A /* events.h */ = {isa = PBXFileReference; fileEncoding = 4; lastKnownFileType = sourcecode.c.h; path = events.h; sourceTree = "<group>"; };
		AAD3E12A2757C8DA00B4854A /* input_manager.c */ = {isa = PBXFileReference; fileEncoding = 4; lastKnownFileType = sourcecode.c.c; path = input_manager.c; sourceTree = "<group>"; };
		AAD3E12B2757C8DA00B4854A /* adb_tunnel.h */ = {isa = PBXFileReference; fileEncoding = 4; lastKnownFileType = sourcecode.c.h; path = adb_tunnel.h; sourceTree = "<group>"; };
		AAD3E12C2757C8DA00B4854A /* mouse_inject.c */ = {isa = PBXFileReference; fileEncoding = 4; lastKnownFileType = sourcecode.c.c; path = mouse_inject.c; sourceTree = "<group>"; };
		AAD3E12D2757C8DA00B4854A /* adb_tunnel.c */ = {isa = PBXFileReference; fileEncoding = 4; lastKnownFileType = sourcecode.c.c; path = adb_tunnel.c; sourceTree = "<group>"; };
		AAD3E12E2757C8DA00B4854A /* adb_parser.h */ = {isa = PBXFileReference; fileEncoding = 4; lastKnownFileType = sourcecode.c.h; path = adb_parser.h; sourceTree = "<group>"; };
		AAD3E12F2757C8DA00B4854A /* recorder.c */ = {isa = PBXFileReference; fileEncoding = 4; lastKnownFileType = sourcecode.c.c; path = recorder.c; sourceTree = "<group>"; };
		AAD3E1312757C8DA00B4854A /* packet_sink.h */ = {isa = PBXFileReference; fileEncoding = 4; lastKnownFileType = sourcecode.c.h; path = packet_sink.h; sourceTree = "<group>"; };
		AAD3E1322757C8DA00B4854A /* mouse_processor.h */ = {isa = PBXFileReference; fileEncoding = 4; lastKnownFileType = sourcecode.c.h; path = mouse_processor.h; sourceTree = "<group>"; };
		AAD3E1332757C8DA00B4854A /* key_processor.h */ = {isa = PBXFileReference; fileEncoding = 4; lastKnownFileType = sourcecode.c.h; path = key_processor.h; sourceTree = "<group>"; };
		AAD3E1342757C8DA00B4854A /* frame_sink.h */ = {isa = PBXFileReference; fileEncoding = 4; lastKnownFileType = sourcecode.c.h; path = frame_sink.h; sourceTree = "<group>"; };
		AAD3E1352757C8DA00B4854A /* adb.c */ = {isa = PBXFileReference; fileEncoding = 4; lastKnownFileType = sourcecode.c.c; path = adb.c; sourceTree = "<group>"; };
		AAD3E1362757C8DA00B4854A /* options.c */ = {isa = PBXFileReference; fileEncoding = 4; lastKnownFileType = sourcecode.c.c; path = options.c; sourceTree = "<group>"; };
		AAD3E1372757C8DA00B4854A /* adb_parser.c */ = {isa = PBXFileReference; fileEncoding = 4; lastKnownFileType = sourcecode.c.c; path = adb_parser.c; sourceTree = "<group>"; };
		AAD3E1692757C91500B4854A /* libusb.h */ = {isa = PBXFileReference; lastKnownFileType = sourcecode.c.h; path = libusb.h; sourceTree = "<group>"; };
		AAD3E16A2757CCC500B4854A /* opengl_fix.h */ = {isa = PBXFileReference; fileEncoding = 4; lastKnownFileType = sourcecode.c.h; path = opengl_fix.h; sourceTree = "<group>"; };
/* End PBXFileReference section */

/* Begin PBXFrameworksBuildPhase section */
		AAA2218D26959AA000307990 /* Frameworks */ = {
			isa = PBXFrameworksBuildPhase;
			buildActionMask = 2147483647;
			files = (
				AAAA7AB52750C2DC00F7ED1C /* Gossh.xcframework in Frameworks */,
				AA273354275FC20B00A593B4 /* libscrcpy-bridge.a in Frameworks */,
				AAA222A7269609BE00307990 /* libscrcpy-core.a in Frameworks */,
			);
			runOnlyForDeploymentPostprocessing = 0;
		};
		AAA222192695B3A600307990 /* Frameworks */ = {
			isa = PBXFrameworksBuildPhase;
			buildActionMask = 2147483647;
			files = (
			);
			runOnlyForDeploymentPostprocessing = 0;
		};
		AACAD32127591A070058EFDF /* Frameworks */ = {
			isa = PBXFrameworksBuildPhase;
			buildActionMask = 2147483647;
			files = (
			);
			runOnlyForDeploymentPostprocessing = 0;
		};
/* End PBXFrameworksBuildPhase section */

/* Begin PBXGroup section */
		AAA2218726959AA000307990 = {
			isa = PBXGroup;
			children = (
				AAA221AC2695A3B000307990 /* scrcpy-server */,
				AAA2219226959AA000307990 /* Scrcpy */,
				AAA2221D2695B3A600307990 /* scrcpy-core */,
				AACAD32527591A070058EFDF /* scrcpy-bridge */,
				AAA2219126959AA000307990 /* Products */,
				AAA222892695B4EF00307990 /* Frameworks */,
			);
			sourceTree = "<group>";
		};
		AAA2219126959AA000307990 /* Products */ = {
			isa = PBXGroup;
			children = (
				AAA2219026959AA000307990 /* Scrcpy.app */,
				AAA2221C2695B3A600307990 /* libscrcpy-core.a */,
				AACAD32427591A070058EFDF /* libscrcpy-bridge.a */,
			);
			name = Products;
			sourceTree = "<group>";
		};
		AAA2219226959AA000307990 /* Scrcpy */ = {
			isa = PBXGroup;
			children = (
				AA7766812698A5AB0025990D /* ScrcpyViewController.h */,
				AA7766822698A5AB0025990D /* ScrcpyViewController.m */,
				AA948B61278497530004DA81 /* LogViewController.h */,
				AA948B62278497530004DA81 /* LogViewController.m */,
				AA6FFDA326B985D6001ACD22 /* SDL_uikitviewcontroller+Extend.h */,
				AA6FFDA426B985D7001ACD22 /* SDL_uikitviewcontroller+Extend.m */,
				AA2B664D26EBB67A0089F2E7 /* SDLUIKitDelegate+Extend.h */,
				AA2B664E26EBB67A0089F2E7 /* SDLUIKitDelegate+Extend.m */,
				AA2B665026EBC0810089F2E7 /* SchemeHandler.h */,
				AA2B665126EBC0810089F2E7 /* SchemeHandler.m */,
				AA8C04C5269C8FE0001D9A4F /* NSError+Alert.h */,
				AA8C04C6269C8FE0001D9A4F /* NSError+Alert.m */,
				AABD713D277868460004B859 /* NSString+Utils.h */,
				AABD713E277868460004B859 /* NSString+Utils.m */,
				AAA2219F26959AA200307990 /* Assets.xcassets */,
				AAA2228B2695B62300307990 /* Main.storyboard */,
				AAB5E5C226AE9201000396BE /* LaunchScreen.storyboard */,
				AAA221A426959AA200307990 /* Info.plist */,
				AAA221A526959AA200307990 /* main.m */,
			);
			path = Scrcpy;
			sourceTree = "<group>";
		};
		AAA221AC2695A3B000307990 /* scrcpy-server */ = {
			isa = PBXGroup;
			children = (
				AACAD32F275FB0570058EFDF /* scrcpy-server */,
			);
			path = "scrcpy-server";
			sourceTree = "<group>";
		};
		AAA2221D2695B3A600307990 /* scrcpy-core */ = {
			isa = PBXGroup;
			children = (
				AA3154D627625977006C5226 /* config.h */,
				AAD3E16A2757CCC500B4854A /* opengl_fix.h */,
				AAA222882695B42100307990 /* PrefixHeader.pch */,
				AAD3E1682757C90800B4854A /* libusb-1.0 */,
				AACAD332275FB4A60058EFDF /* src-fix */,
				AAA222252695B3F400307990 /* src */,
			);
			path = "scrcpy-core";
			sourceTree = "<group>";
		};
		AAA222252695B3F400307990 /* src */ = {
			isa = PBXGroup;
			children = (
				AAD3E1372757C8DA00B4854A /* adb_parser.c */,
				AAD3E12E2757C8DA00B4854A /* adb_parser.h */,
				AAD3E12D2757C8DA00B4854A /* adb_tunnel.c */,
				AAD3E12B2757C8DA00B4854A /* adb_tunnel.h */,
				AAD3E1352757C8DA00B4854A /* adb.c */,
				AAD3E0F32757C8D900B4854A /* adb.h */,
				AAD3E0FD2757C8D900B4854A /* android */,
				AAD3E1022757C8D900B4854A /* aoa_hid.c */,
				AAD3E1042757C8D900B4854A /* aoa_hid.h */,
				AAD3E1052757C8D900B4854A /* cli.c */,
				AAD3E1252757C8DA00B4854A /* cli.h */,
				AAD3E0F02757C8D900B4854A /* clock.c */,
				AAD3E1132757C8DA00B4854A /* clock.h */,
				AAD3E10D2757C8D900B4854A /* common.h */,
				AAD3E0F82757C8D900B4854A /* compat.c */,
				AAD3E1242757C8DA00B4854A /* compat.h */,
				AAD3E10A2757C8D900B4854A /* control_msg.c */,
				AAD3E1262757C8DA00B4854A /* control_msg.h */,
				AAD3E1172757C8DA00B4854A /* controller.c */,
				AAD3E1112757C8D900B4854A /* controller.h */,
				AAD3E1202757C8DA00B4854A /* coords.h */,
				AAD3E1012757C8D900B4854A /* decoder.c */,
				AAD3E1212757C8DA00B4854A /* decoder.h */,
				AAD3E0F22757C8D900B4854A /* device_msg.c */,
				AAD3E10F2757C8D900B4854A /* device_msg.h */,
				AAD3E1292757C8DA00B4854A /* events.h */,
				AAD3E1062757C8D900B4854A /* file_handler.c */,
				AAD3E10B2757C8D900B4854A /* file_handler.h */,
				AAD3E1072757C8D900B4854A /* fps_counter.c */,
				AAD3E0EC2757C8D900B4854A /* fps_counter.h */,
				AAD3E0EF2757C8D900B4854A /* frame_buffer.c */,
				AAD3E0F92757C8D900B4854A /* frame_buffer.h */,
				AAD3E0EE2757C8D900B4854A /* hid_keyboard.c */,
				AAD3E1282757C8DA00B4854A /* hid_keyboard.h */,
				AAD3E11F2757C8DA00B4854A /* icon.c */,
				AAD3E1142757C8DA00B4854A /* icon.h */,
				AAD3E12A2757C8DA00B4854A /* input_manager.c */,
				AAD3E1162757C8DA00B4854A /* input_manager.h */,
				AAD3E1082757C8D900B4854A /* keyboard_inject.c */,
				AAD3E0CB2757C8D900B4854A /* keyboard_inject.h */,
				AAD3E1272757C8DA00B4854A /* main.c */,
				AAD3E12C2757C8DA00B4854A /* mouse_inject.c */,
				AAD3E0ED2757C8D900B4854A /* mouse_inject.h */,
				AAD3E1092757C8D900B4854A /* opengl.c */,
				AAD3E1222757C8DA00B4854A /* opengl.h */,
				AAD3E1362757C8DA00B4854A /* options.c */,
				AAD3E1152757C8DA00B4854A /* options.h */,
				AAD3E0F72757C8D900B4854A /* receiver.c */,
				AAD3E1032757C8D900B4854A /* receiver.h */,
				AAD3E12F2757C8DA00B4854A /* recorder.c */,
				AAD3E0FC2757C8D900B4854A /* recorder.h */,
				AAD3E1102757C8D900B4854A /* scrcpy.c */,
				AAD3E0F62757C8D900B4854A /* scrcpy.h */,
				AAD3E0FA2757C8D900B4854A /* screen.c */,
				AAD3E10C2757C8D900B4854A /* screen.h */,
				AAD3E0F52757C8D900B4854A /* server.c */,
				AAD3E1232757C8DA00B4854A /* server.h */,
				AAD3E1122757C8DA00B4854A /* stream.c */,
				AAD3E10E2757C8D900B4854A /* stream.h */,
				AAD3E1182757C8DA00B4854A /* sys */,
				AAD3E1302757C8DA00B4854A /* trait */,
				AAD3E0CC2757C8D900B4854A /* util */,
				AAD3E0F42757C8D900B4854A /* v4l2_sink.c */,
				AAD3E1002757C8D900B4854A /* v4l2_sink.h */,
				AAD3E0FB2757C8D900B4854A /* video_buffer.c */,
				AAD3E0F12757C8D900B4854A /* video_buffer.h */,
			);
			name = src;
			path = "scrcpy-src/app/src";
			sourceTree = SOURCE_ROOT;
		};
		AAA222892695B4EF00307990 /* Frameworks */ = {
			isa = PBXGroup;
			children = (
				AAAA7AB42750C2DC00F7ED1C /* Gossh.xcframework */,
			);
			name = Frameworks;
			sourceTree = "<group>";
		};
		AACAD32527591A070058EFDF /* scrcpy-bridge */ = {
			isa = PBXGroup;
			children = (
				AA27336027624EF600A593B4 /* scrcpy_bridge.h */,
				AA27336327624F1000A593B4 /* scrcpy_bridge.m */,
				AACAD31D275919270058EFDF /* ScrcpyBridge.h */,
				AACAD31E275919270058EFDF /* ScrcpyBridge.m */,
				AAAB5A3626C75AC8000A1EEB /* ScrcpyParams.h */,
				AAAB5A3726C75AC8000A1EEB /* ScrcpyParams.m */,
			);
			path = "scrcpy-bridge";
			sourceTree = "<group>";
		};
		AACAD332275FB4A60058EFDF /* src-fix */ = {
			isa = PBXGroup;
			children = (
				AA27334A275FBCF300A593B4 /* main-fix.c */,
				AACAD333275FB5970058EFDF /* scrcpy-fix.c */,
				AA2733582760D35C00A593B4 /* adb-fix.c */,
				AA3154D72762F5E7006C5226 /* server-fix.c */,
				AA9C22B82767A3640001DB7D /* controller-fix.c */,
				AA3154DE276364C7006C5226 /* screen-fix.h */,
				AA3154DC27636417006C5226 /* screen-fix.m */,
				AA3154E32763B1DE006C5226 /* ffmpeg-hw.h */,
				AA3154E42763B1DE006C5226 /* ffmpeg-hw.m */,
				AA3154DF2763B14B006C5226 /* decoder-fix.c */,
				AA3154F32765943A006C5226 /* stream-fix.c */,
				AA3154DA27636112006C5226 /* process-fix.c */,
			);
			path = "src-fix";
			sourceTree = "<group>";
		};
		AAD3E0CC2757C8D900B4854A /* util */ = {
			isa = PBXGroup;
			children = (
				AAD3E0CD2757C8D900B4854A /* log.c */,
				AAD3E0CE2757C8D900B4854A /* strbuf.h */,
				AAD3E0CF2757C8D900B4854A /* net_intr.c */,
				AAD3E0D02757C8D900B4854A /* thread.c */,
				AAD3E0D12757C8D900B4854A /* term.c */,
				AAD3E0D22757C8D900B4854A /* buffer_util.h */,
				AAD3E0D32757C8D900B4854A /* process.c */,
				AAD3E0D42757C8D900B4854A /* net.h */,
				AAD3E0D52757C8D900B4854A /* acksync.h */,
				AAD3E0D62757C8D900B4854A /* tick.h */,
				AAD3E0D72757C8D900B4854A /* file.h */,
				AAD3E0D82757C8D900B4854A /* cbuf.h */,
				AAD3E0D92757C8D900B4854A /* str.c */,
				AAD3E0DA2757C8D900B4854A /* process_intr.c */,
				AAD3E0DB2757C8D900B4854A /* intr.h */,
				AAD3E0DC2757C8D900B4854A /* intmap.h */,
				AAD3E0DD2757C8D900B4854A /* term.h */,
				AAD3E0DE2757C8D900B4854A /* thread.h */,
				AAD3E0DF2757C8D900B4854A /* net_intr.h */,
				AAD3E0E02757C8D900B4854A /* strbuf.c */,
				AAD3E0E12757C8D900B4854A /* log.h */,
				AAD3E0E22757C8D900B4854A /* net.c */,
				AAD3E0E32757C8D900B4854A /* process.h */,
				AAD3E0E42757C8D900B4854A /* process_intr.h */,
				AAD3E0E52757C8D900B4854A /* str.h */,
				AAD3E0E62757C8D900B4854A /* file.c */,
				AAD3E0E72757C8D900B4854A /* acksync.c */,
				AAD3E0E82757C8D900B4854A /* tick.c */,
				AAD3E0E92757C8D900B4854A /* queue.h */,
				AAD3E0EA2757C8D900B4854A /* intmap.c */,
				AAD3E0EB2757C8D900B4854A /* intr.c */,
			);
			path = util;
			sourceTree = "<group>";
		};
		AAD3E0FD2757C8D900B4854A /* android */ = {
			isa = PBXGroup;
			children = (
				AAD3E0FE2757C8D900B4854A /* input.h */,
				AAD3E0FF2757C8D900B4854A /* keycodes.h */,
			);
			path = android;
			sourceTree = "<group>";
		};
		AAD3E1182757C8DA00B4854A /* sys */ = {
			isa = PBXGroup;
			children = (
				AAD3E11C2757C8DA00B4854A /* unix */,
			);
			path = sys;
			sourceTree = "<group>";
		};
		AAD3E11C2757C8DA00B4854A /* unix */ = {
			isa = PBXGroup;
			children = (
				AAD3E11D2757C8DA00B4854A /* process.c */,
				AAD3E11E2757C8DA00B4854A /* file.c */,
			);
			path = unix;
			sourceTree = "<group>";
		};
		AAD3E1302757C8DA00B4854A /* trait */ = {
			isa = PBXGroup;
			children = (
				AAD3E1312757C8DA00B4854A /* packet_sink.h */,
				AAD3E1322757C8DA00B4854A /* mouse_processor.h */,
				AAD3E1332757C8DA00B4854A /* key_processor.h */,
				AAD3E1342757C8DA00B4854A /* frame_sink.h */,
			);
			path = trait;
			sourceTree = "<group>";
		};
		AAD3E1682757C90800B4854A /* libusb-1.0 */ = {
			isa = PBXGroup;
			children = (
				AAD3E1692757C91500B4854A /* libusb.h */,
			);
			path = "libusb-1.0";
			sourceTree = "<group>";
		};
/* End PBXGroup section */

/* Begin PBXNativeTarget section */
		AAA2218F26959AA000307990 /* Scrcpy */ = {
			isa = PBXNativeTarget;
			buildConfigurationList = AAA221A926959AA200307990 /* Build configuration list for PBXNativeTarget "Scrcpy" */;
			buildPhases = (
				AAA2218C26959AA000307990 /* Sources */,
				AAA2218D26959AA000307990 /* Frameworks */,
				AAA2218E26959AA000307990 /* Resources */,
			);
			buildRules = (
			);
			dependencies = (
			);
			name = Scrcpy;
			productName = Scrcpy;
			productReference = AAA2219026959AA000307990 /* Scrcpy.app */;
			productType = "com.apple.product-type.application";
		};
		AAA2221B2695B3A600307990 /* scrcpy-core */ = {
			isa = PBXNativeTarget;
			buildConfigurationList = AAA222222695B3A600307990 /* Build configuration list for PBXNativeTarget "scrcpy-core" */;
			buildPhases = (
				AAA222182695B3A600307990 /* Sources */,
				AAA222192695B3A600307990 /* Frameworks */,
				AAA2221A2695B3A600307990 /* CopyFiles */,
			);
			buildRules = (
			);
			dependencies = (
			);
			name = "scrcpy-core";
			productName = libscrcpy;
			productReference = AAA2221C2695B3A600307990 /* libscrcpy-core.a */;
			productType = "com.apple.product-type.library.static";
		};
		AACAD32327591A070058EFDF /* scrcpy-bridge */ = {
			isa = PBXNativeTarget;
			buildConfigurationList = AACAD32A27591A070058EFDF /* Build configuration list for PBXNativeTarget "scrcpy-bridge" */;
			buildPhases = (
				AACAD32027591A070058EFDF /* Sources */,
				AACAD32127591A070058EFDF /* Frameworks */,
				AACAD32227591A070058EFDF /* CopyFiles */,
			);
			buildRules = (
			);
			dependencies = (
			);
			name = "scrcpy-bridge";
			productName = "scrcpy-bridge";
			productReference = AACAD32427591A070058EFDF /* libscrcpy-bridge.a */;
			productType = "com.apple.product-type.library.static";
		};
/* End PBXNativeTarget section */

/* Begin PBXProject section */
		AAA2218826959AA000307990 /* Project object */ = {
			isa = PBXProject;
			attributes = {
				BuildIndependentTargetsInParallel = 1;
				LastUpgradeCheck = 1300;
				TargetAttributes = {
					AAA2218F26959AA000307990 = {
						CreatedOnToolsVersion = 13.0;
					};
					AAA2221B2695B3A600307990 = {
						CreatedOnToolsVersion = 13.0;
					};
					AACAD32327591A070058EFDF = {
						CreatedOnToolsVersion = 13.1;
					};
				};
			};
			buildConfigurationList = AAA2218B26959AA000307990 /* Build configuration list for PBXProject "Scrcpy" */;
			compatibilityVersion = "Xcode 11.0";
			developmentRegion = en;
			hasScannedForEncodings = 0;
			knownRegions = (
				en,
				Base,
			);
			mainGroup = AAA2218726959AA000307990;
			productRefGroup = AAA2219126959AA000307990 /* Products */;
			projectDirPath = "";
			projectRoot = "";
			targets = (
				AAA2218F26959AA000307990 /* Scrcpy */,
				AAA2221B2695B3A600307990 /* scrcpy-core */,
				AACAD32327591A070058EFDF /* scrcpy-bridge */,
			);
		};
/* End PBXProject section */

/* Begin PBXResourcesBuildPhase section */
		AAA2218E26959AA000307990 /* Resources */ = {
			isa = PBXResourcesBuildPhase;
			buildActionMask = 2147483647;
			files = (
				AA3154D927632996006C5226 /* scrcpy-server in Resources */,
				AAB5E5C326AE9201000396BE /* LaunchScreen.storyboard in Resources */,
				AAA221A026959AA200307990 /* Assets.xcassets in Resources */,
				AAA2228D2695B62300307990 /* Main.storyboard in Resources */,
			);
			runOnlyForDeploymentPostprocessing = 0;
		};
/* End PBXResourcesBuildPhase section */

/* Begin PBXSourcesBuildPhase section */
		AAA2218C26959AA000307990 /* Sources */ = {
			isa = PBXSourcesBuildPhase;
			buildActionMask = 2147483647;
			files = (
				AAA221A626959AA200307990 /* main.m in Sources */,
				AA2B665226EBC0810089F2E7 /* SchemeHandler.m in Sources */,
				AA7766832698A5AB0025990D /* ScrcpyViewController.m in Sources */,
				AA6FFDA526B985D7001ACD22 /* SDL_uikitviewcontroller+Extend.m in Sources */,
				AA8C04C7269C8FE0001D9A4F /* NSError+Alert.m in Sources */,
				AA2B664F26EBB67A0089F2E7 /* SDLUIKitDelegate+Extend.m in Sources */,
				AABD713F277868460004B859 /* NSString+Utils.m in Sources */,
				AA948B63278497530004DA81 /* LogViewController.m in Sources */,
			);
			runOnlyForDeploymentPostprocessing = 0;
		};
		AAA222182695B3A600307990 /* Sources */ = {
			isa = PBXSourcesBuildPhase;
			buildActionMask = 2147483647;
			files = (
				AA3154F42765943A006C5226 /* stream-fix.c in Sources */,
				AAD3E15F2757C8DA00B4854A /* icon.c in Sources */,
				AAD3E1502757C8DA00B4854A /* decoder.c in Sources */,
				AAD3E13E2757C8DA00B4854A /* process_intr.c in Sources */,
				AA3154E02763B14B006C5226 /* decoder-fix.c in Sources */,
				AAD3E1392757C8DA00B4854A /* net_intr.c in Sources */,
				AAD3E1452757C8DA00B4854A /* intr.c in Sources */,
				AAD3E14C2757C8DA00B4854A /* receiver.c in Sources */,
				AACAD334275FB5970058EFDF /* scrcpy-fix.c in Sources */,
				AAD3E1572757C8DA00B4854A /* control_msg.c in Sources */,
				AAD3E1472757C8DA00B4854A /* frame_buffer.c in Sources */,
				AAD3E1632757C8DA00B4854A /* adb_tunnel.c in Sources */,
				AAD3E15A2757C8DA00B4854A /* controller.c in Sources */,
				AAD3E1422757C8DA00B4854A /* acksync.c in Sources */,
				AAD3E1492757C8DA00B4854A /* device_msg.c in Sources */,
				AAD3E1382757C8DA00B4854A /* log.c in Sources */,
				AAD3E1442757C8DA00B4854A /* intmap.c in Sources */,
				AAD3E1652757C8DA00B4854A /* adb.c in Sources */,
				AAD3E1672757C8DA00B4854A /* adb_parser.c in Sources */,
				AAD3E1642757C8DA00B4854A /* recorder.c in Sources */,
				AAD3E1612757C8DA00B4854A /* input_manager.c in Sources */,
				AAD3E15D2757C8DA00B4854A /* process.c in Sources */,
				AAD3E1592757C8DA00B4854A /* stream.c in Sources */,
				AAD3E14B2757C8DA00B4854A /* server.c in Sources */,
				AAD3E14A2757C8DA00B4854A /* v4l2_sink.c in Sources */,
				AA9C22B92767A3650001DB7D /* controller-fix.c in Sources */,
				AAD3E1622757C8DA00B4854A /* mouse_inject.c in Sources */,
				AAD3E1522757C8DA00B4854A /* cli.c in Sources */,
				AAD3E1582757C8DA00B4854A /* scrcpy.c in Sources */,
				AAD3E13A2757C8DA00B4854A /* thread.c in Sources */,
				AAD3E1602757C8DA00B4854A /* main.c in Sources */,
				AAD3E1542757C8DA00B4854A /* fps_counter.c in Sources */,
				AAD3E14E2757C8DA00B4854A /* screen.c in Sources */,
				AAD3E13D2757C8DA00B4854A /* str.c in Sources */,
				AA2733592760D35C00A593B4 /* adb-fix.c in Sources */,
				AAD3E1532757C8DA00B4854A /* file_handler.c in Sources */,
				AAD3E14D2757C8DA00B4854A /* compat.c in Sources */,
				AAD3E1552757C8DA00B4854A /* keyboard_inject.c in Sources */,
				AA3154DB27636112006C5226 /* process-fix.c in Sources */,
				AAD3E15E2757C8DA00B4854A /* file.c in Sources */,
				AAD3E14F2757C8DA00B4854A /* video_buffer.c in Sources */,
				AA27334B275FBCF300A593B4 /* main-fix.c in Sources */,
				AA3154DD27636417006C5226 /* screen-fix.m in Sources */,
				AA3154E52763B1DE006C5226 /* ffmpeg-hw.m in Sources */,
				AAD3E1412757C8DA00B4854A /* file.c in Sources */,
				AAD3E13C2757C8DA00B4854A /* process.c in Sources */,
				AAD3E1402757C8DA00B4854A /* net.c in Sources */,
				AAD3E1462757C8DA00B4854A /* hid_keyboard.c in Sources */,
				AAD3E1562757C8DA00B4854A /* opengl.c in Sources */,
				AAD3E13B2757C8DA00B4854A /* term.c in Sources */,
				AA3154D82762F5E7006C5226 /* server-fix.c in Sources */,
				AAD3E1482757C8DA00B4854A /* clock.c in Sources */,
				AAD3E1662757C8DA00B4854A /* options.c in Sources */,
				AAD3E1512757C8DA00B4854A /* aoa_hid.c in Sources */,
				AAD3E1432757C8DA00B4854A /* tick.c in Sources */,
				AAD3E13F2757C8DA00B4854A /* strbuf.c in Sources */,
			);
			runOnlyForDeploymentPostprocessing = 0;
		};
		AACAD32027591A070058EFDF /* Sources */ = {
			isa = PBXSourcesBuildPhase;
			buildActionMask = 2147483647;
			files = (
				AACAD32D27591C6C0058EFDF /* ScrcpyBridge.m in Sources */,
				AA27336427624F1000A593B4 /* scrcpy_bridge.m in Sources */,
				AACAD32E27591E130058EFDF /* ScrcpyParams.m in Sources */,
			);
			runOnlyForDeploymentPostprocessing = 0;
		};
/* End PBXSourcesBuildPhase section */

/* Begin PBXVariantGroup section */
		AAA2228B2695B62300307990 /* Main.storyboard */ = {
			isa = PBXVariantGroup;
			children = (
				AAA2228C2695B62300307990 /* Base */,
			);
			name = Main.storyboard;
			sourceTree = "<group>";
		};
/* End PBXVariantGroup section */

/* Begin XCBuildConfiguration section */
		AAA221A726959AA200307990 /* Debug */ = {
			isa = XCBuildConfiguration;
			buildSettings = {
				ALWAYS_SEARCH_USER_PATHS = NO;
				CLANG_ANALYZER_NONNULL = YES;
				CLANG_ANALYZER_NUMBER_OBJECT_CONVERSION = YES_AGGRESSIVE;
				CLANG_CXX_LANGUAGE_STANDARD = "gnu++14";
				CLANG_CXX_LIBRARY = "libc++";
				CLANG_ENABLE_MODULES = YES;
				CLANG_ENABLE_OBJC_ARC = YES;
				CLANG_ENABLE_OBJC_WEAK = YES;
				CLANG_WARN_BLOCK_CAPTURE_AUTORELEASING = YES;
				CLANG_WARN_BOOL_CONVERSION = YES;
				CLANG_WARN_COMMA = YES;
				CLANG_WARN_CONSTANT_CONVERSION = YES;
				CLANG_WARN_DEPRECATED_OBJC_IMPLEMENTATIONS = YES;
				CLANG_WARN_DIRECT_OBJC_ISA_USAGE = YES_ERROR;
				CLANG_WARN_DOCUMENTATION_COMMENTS = YES;
				CLANG_WARN_EMPTY_BODY = YES;
				CLANG_WARN_ENUM_CONVERSION = YES;
				CLANG_WARN_INFINITE_RECURSION = YES;
				CLANG_WARN_INT_CONVERSION = YES;
				CLANG_WARN_NON_LITERAL_NULL_CONVERSION = YES;
				CLANG_WARN_OBJC_IMPLICIT_RETAIN_SELF = YES;
				CLANG_WARN_OBJC_LITERAL_CONVERSION = YES;
				CLANG_WARN_OBJC_ROOT_CLASS = YES_ERROR;
				CLANG_WARN_QUOTED_INCLUDE_IN_FRAMEWORK_HEADER = YES;
				CLANG_WARN_RANGE_LOOP_ANALYSIS = YES;
				CLANG_WARN_STRICT_PROTOTYPES = YES;
				CLANG_WARN_SUSPICIOUS_MOVE = YES;
				CLANG_WARN_UNGUARDED_AVAILABILITY = YES_AGGRESSIVE;
				CLANG_WARN_UNREACHABLE_CODE = YES;
				CLANG_WARN__DUPLICATE_METHOD_MATCH = YES;
				COPY_PHASE_STRIP = NO;
				DEBUG_INFORMATION_FORMAT = dwarf;
				ENABLE_STRICT_OBJC_MSGSEND = YES;
				ENABLE_TESTABILITY = YES;
				GCC_C_LANGUAGE_STANDARD = gnu11;
				GCC_DYNAMIC_NO_PIC = NO;
				GCC_NO_COMMON_BLOCKS = YES;
				GCC_OPTIMIZATION_LEVEL = 0;
				GCC_PREPROCESSOR_DEFINITIONS = (
					"DEBUG=1",
					"$(inherited)",
				);
				GCC_WARN_64_TO_32_BIT_CONVERSION = YES;
				GCC_WARN_ABOUT_RETURN_TYPE = YES_ERROR;
				GCC_WARN_UNDECLARED_SELECTOR = YES;
				GCC_WARN_UNINITIALIZED_AUTOS = YES_AGGRESSIVE;
				GCC_WARN_UNUSED_FUNCTION = YES;
				GCC_WARN_UNUSED_VARIABLE = YES;
				IPHONEOS_DEPLOYMENT_TARGET = 15.0;
				MTL_ENABLE_DEBUG_INFO = INCLUDE_SOURCE;
				MTL_FAST_MATH = YES;
				ONLY_ACTIVE_ARCH = YES;
				SDKROOT = iphoneos;
			};
			name = Debug;
		};
		AAA221A826959AA200307990 /* Release */ = {
			isa = XCBuildConfiguration;
			buildSettings = {
				ALWAYS_SEARCH_USER_PATHS = NO;
				CLANG_ANALYZER_NONNULL = YES;
				CLANG_ANALYZER_NUMBER_OBJECT_CONVERSION = YES_AGGRESSIVE;
				CLANG_CXX_LANGUAGE_STANDARD = "gnu++14";
				CLANG_CXX_LIBRARY = "libc++";
				CLANG_ENABLE_MODULES = YES;
				CLANG_ENABLE_OBJC_ARC = YES;
				CLANG_ENABLE_OBJC_WEAK = YES;
				CLANG_WARN_BLOCK_CAPTURE_AUTORELEASING = YES;
				CLANG_WARN_BOOL_CONVERSION = YES;
				CLANG_WARN_COMMA = YES;
				CLANG_WARN_CONSTANT_CONVERSION = YES;
				CLANG_WARN_DEPRECATED_OBJC_IMPLEMENTATIONS = YES;
				CLANG_WARN_DIRECT_OBJC_ISA_USAGE = YES_ERROR;
				CLANG_WARN_DOCUMENTATION_COMMENTS = YES;
				CLANG_WARN_EMPTY_BODY = YES;
				CLANG_WARN_ENUM_CONVERSION = YES;
				CLANG_WARN_INFINITE_RECURSION = YES;
				CLANG_WARN_INT_CONVERSION = YES;
				CLANG_WARN_NON_LITERAL_NULL_CONVERSION = YES;
				CLANG_WARN_OBJC_IMPLICIT_RETAIN_SELF = YES;
				CLANG_WARN_OBJC_LITERAL_CONVERSION = YES;
				CLANG_WARN_OBJC_ROOT_CLASS = YES_ERROR;
				CLANG_WARN_QUOTED_INCLUDE_IN_FRAMEWORK_HEADER = YES;
				CLANG_WARN_RANGE_LOOP_ANALYSIS = YES;
				CLANG_WARN_STRICT_PROTOTYPES = YES;
				CLANG_WARN_SUSPICIOUS_MOVE = YES;
				CLANG_WARN_UNGUARDED_AVAILABILITY = YES_AGGRESSIVE;
				CLANG_WARN_UNREACHABLE_CODE = YES;
				CLANG_WARN__DUPLICATE_METHOD_MATCH = YES;
				COPY_PHASE_STRIP = NO;
				DEBUG_INFORMATION_FORMAT = "dwarf-with-dsym";
				ENABLE_NS_ASSERTIONS = NO;
				ENABLE_STRICT_OBJC_MSGSEND = YES;
				GCC_C_LANGUAGE_STANDARD = gnu11;
				GCC_NO_COMMON_BLOCKS = YES;
				GCC_WARN_64_TO_32_BIT_CONVERSION = YES;
				GCC_WARN_ABOUT_RETURN_TYPE = YES_ERROR;
				GCC_WARN_UNDECLARED_SELECTOR = YES;
				GCC_WARN_UNINITIALIZED_AUTOS = YES_AGGRESSIVE;
				GCC_WARN_UNUSED_FUNCTION = YES;
				GCC_WARN_UNUSED_VARIABLE = YES;
				IPHONEOS_DEPLOYMENT_TARGET = 15.0;
				MTL_ENABLE_DEBUG_INFO = NO;
				MTL_FAST_MATH = YES;
				SDKROOT = iphoneos;
				VALIDATE_PRODUCT = YES;
			};
			name = Release;
		};
		AAA221AA26959AA200307990 /* Debug */ = {
			isa = XCBuildConfiguration;
			buildSettings = {
				ASSETCATALOG_COMPILER_APPICON_NAME = AppIcon;
				ASSETCATALOG_COMPILER_GLOBAL_ACCENT_COLOR_NAME = AccentColor;
				CODE_SIGN_STYLE = Automatic;
				CURRENT_PROJECT_VERSION = 2022010701;
				DEVELOPMENT_TEAM = K8Q74NT2BG;
				ENABLE_BITCODE = NO;
				FRAMEWORK_SEARCH_PATHS = "$(SRCROOT)/ssh";
				GENERATE_INFOPLIST_FILE = YES;
				HEADER_SEARCH_PATHS = (
					"$(SRCROOT)/scrcpy-src",
					"$(SRCROOT)/Libs/include",
					"$(SRCROOT)/scrcpy-src/app/src",
					"$(SRCROOT)/scrcpy-core/src-fix",
				);
				INFOPLIST_FILE = Scrcpy/Info.plist;
				INFOPLIST_KEY_CFBundleExecutable = Scrcpy;
				INFOPLIST_KEY_CFBundleName = Scrcpy;
				INFOPLIST_KEY_CFBundleVersion = 20210707;
				INFOPLIST_KEY_UIApplicationSupportsIndirectInputEvents = YES;
				INFOPLIST_KEY_UILaunchStoryboardName = LaunchScreen;
				INFOPLIST_KEY_UIMainStoryboardFile = Main;
				INFOPLIST_KEY_UIRequiresFullScreen = YES;
				INFOPLIST_KEY_UISupportedInterfaceOrientations_iPad = "UIInterfaceOrientationPortrait UIInterfaceOrientationPortraitUpsideDown UIInterfaceOrientationLandscapeLeft UIInterfaceOrientationLandscapeRight";
				INFOPLIST_KEY_UISupportedInterfaceOrientations_iPhone = "UIInterfaceOrientationPortrait UIInterfaceOrientationLandscapeLeft UIInterfaceOrientationLandscapeRight";
				IPHONEOS_DEPLOYMENT_TARGET = 13.0;
				LD_RUNPATH_SEARCH_PATHS = (
					"$(inherited)",
					"@executable_path/Frameworks",
				);
				LIBRARY_SEARCH_PATHS = "$(SRCROOT)/Libs/lib";
				MARKETING_VERSION = 2.3;
				OTHER_LDFLAGS = (
					"-lSDL2",
					"-lavformat",
					"-lavutil",
					"-lswscale",
					"-lavcodec",
					"-lswresample",
					"-liconv",
					"-lz",
					"-lbz2",
					"-framework",
					VideoToolbox,
					"-framework",
					CoreMedia,
					"-framework",
					CoreMotion,
					"-framework",
					GameController,
					"-framework",
					CoreHaptics,
					"-framework",
					AVFoundation,
					"-framework",
					AudioToolbox,
					"-framework",
					Gossh,
				);
				PRODUCT_BUNDLE_IDENTIFIER = me.wsen.scrcpy.ios;
				PRODUCT_NAME = "$(TARGET_NAME)";
				SWIFT_EMIT_LOC_STRINGS = YES;
				TARGETED_DEVICE_FAMILY = "1,2";
			};
			name = Debug;
		};
		AAA221AB26959AA200307990 /* Release */ = {
			isa = XCBuildConfiguration;
			buildSettings = {
				ASSETCATALOG_COMPILER_APPICON_NAME = AppIcon;
				ASSETCATALOG_COMPILER_GLOBAL_ACCENT_COLOR_NAME = AccentColor;
				CODE_SIGN_STYLE = Automatic;
				CURRENT_PROJECT_VERSION = 2022010701;
				DEVELOPMENT_TEAM = K8Q74NT2BG;
				ENABLE_BITCODE = NO;
				FRAMEWORK_SEARCH_PATHS = "$(SRCROOT)/ssh";
				GENERATE_INFOPLIST_FILE = YES;
				HEADER_SEARCH_PATHS = (
					"$(SRCROOT)/scrcpy-src",
					"$(SRCROOT)/Libs/include",
					"$(SRCROOT)/scrcpy-src/app/src",
					"$(SRCROOT)/scrcpy-core/src-fix",
				);
				INFOPLIST_FILE = Scrcpy/Info.plist;
				INFOPLIST_KEY_CFBundleExecutable = Scrcpy;
				INFOPLIST_KEY_CFBundleName = Scrcpy;
				INFOPLIST_KEY_CFBundleVersion = 20210707;
				INFOPLIST_KEY_UIApplicationSupportsIndirectInputEvents = YES;
				INFOPLIST_KEY_UILaunchStoryboardName = LaunchScreen;
				INFOPLIST_KEY_UIMainStoryboardFile = Main;
				INFOPLIST_KEY_UIRequiresFullScreen = YES;
				INFOPLIST_KEY_UISupportedInterfaceOrientations_iPad = "UIInterfaceOrientationPortrait UIInterfaceOrientationPortraitUpsideDown UIInterfaceOrientationLandscapeLeft UIInterfaceOrientationLandscapeRight";
				INFOPLIST_KEY_UISupportedInterfaceOrientations_iPhone = "UIInterfaceOrientationPortrait UIInterfaceOrientationLandscapeLeft UIInterfaceOrientationLandscapeRight";
				IPHONEOS_DEPLOYMENT_TARGET = 13.0;
				LD_RUNPATH_SEARCH_PATHS = (
					"$(inherited)",
					"@executable_path/Frameworks",
				);
				LIBRARY_SEARCH_PATHS = "$(SRCROOT)/Libs/lib";
				MARKETING_VERSION = 2.3;
				ONLY_ACTIVE_ARCH = YES;
				OTHER_LDFLAGS = (
					"-lSDL2",
					"-lavformat",
					"-lavutil",
					"-lswscale",
					"-lavcodec",
					"-lswresample",
					"-liconv",
					"-lz",
					"-lbz2",
					"-framework",
					VideoToolbox,
					"-framework",
					CoreMedia,
					"-framework",
					CoreMotion,
					"-framework",
					GameController,
					"-framework",
					CoreHaptics,
					"-framework",
					AVFoundation,
					"-framework",
					AudioToolbox,
					"-framework",
					Gossh,
				);
				PRODUCT_BUNDLE_IDENTIFIER = me.wsen.scrcpy.ios;
				PRODUCT_NAME = "$(TARGET_NAME)";
				SWIFT_EMIT_LOC_STRINGS = YES;
				TARGETED_DEVICE_FAMILY = "1,2";
			};
			name = Release;
		};
		AAA222232695B3A600307990 /* Debug */ = {
			isa = XCBuildConfiguration;
			buildSettings = {
				CODE_SIGN_STYLE = Automatic;
				EXCLUDED_SOURCE_FILE_NAMES = (
					adb.c,
					server.c,
					screen.c,
					sys/unix/process.c,
					decoder.c,
					stream.c,
					controller.c,
				);
				FRAMEWORK_SEARCH_PATHS = "$(SRCROOT)/ssh";
				GCC_PRECOMPILE_PREFIX_HEADER = YES;
				GCC_PREFIX_HEADER = "$(SRCROOT)/scrcpy-core/PrefixHeader.pch";
				HEADER_SEARCH_PATHS = (
					"$(SRCROOT)/scrcpy-core",
					"$(SRCROOT)/scrcpy-src",
					"$(SRCROOT)/Libs/include",
					"$(SRCROOT)/scrcpy-src/app/src",
				);
				IPHONEOS_DEPLOYMENT_TARGET = 13.0;
				OTHER_LDFLAGS = "-ObjC";
				PRODUCT_NAME = "$(TARGET_NAME)";
				SKIP_INSTALL = YES;
				TARGETED_DEVICE_FAMILY = "1,2";
			};
			name = Debug;
		};
		AAA222242695B3A600307990 /* Release */ = {
			isa = XCBuildConfiguration;
			buildSettings = {
				CODE_SIGN_STYLE = Automatic;
				EXCLUDED_SOURCE_FILE_NAMES = (
					adb.c,
					server.c,
					screen.c,
					sys/unix/process.c,
					decoder.c,
					stream.c,
					controller.c,
				);
				FRAMEWORK_SEARCH_PATHS = "$(SRCROOT)/ssh";
				GCC_PRECOMPILE_PREFIX_HEADER = YES;
				GCC_PREFIX_HEADER = "$(SRCROOT)/scrcpy-core/PrefixHeader.pch";
				HEADER_SEARCH_PATHS = (
					"$(SRCROOT)/scrcpy-core",
					"$(SRCROOT)/scrcpy-src",
					"$(SRCROOT)/Libs/include",
					"$(SRCROOT)/scrcpy-src/app/src",
				);
				IPHONEOS_DEPLOYMENT_TARGET = 13.0;
				OTHER_LDFLAGS = "-ObjC";
				PRODUCT_NAME = "$(TARGET_NAME)";
				SKIP_INSTALL = YES;
				TARGETED_DEVICE_FAMILY = "1,2";
			};
			name = Release;
		};
		AACAD32B27591A070058EFDF /* Debug */ = {
			isa = XCBuildConfiguration;
			buildSettings = {
				CLANG_CXX_LANGUAGE_STANDARD = "gnu++17";
				CODE_SIGN_STYLE = Automatic;
				DEVELOPMENT_TEAM = K8Q74NT2BG;
				FRAMEWORK_SEARCH_PATHS = "$(SRCROOT)/ssh";
				HEADER_SEARCH_PATHS = (
					"$(SRCROOT)/scrcpy-src",
					"$(SRCROOT)/Libs/include",
					"$(SRCROOT)/scrcpy-src/app/src",
				);
				OTHER_LDFLAGS = "-ObjC";
				PRODUCT_NAME = "$(TARGET_NAME)";
				SKIP_INSTALL = YES;
				TARGETED_DEVICE_FAMILY = "1,2";
			};
			name = Debug;
		};
		AACAD32C27591A070058EFDF /* Release */ = {
			isa = XCBuildConfiguration;
			buildSettings = {
				CLANG_CXX_LANGUAGE_STANDARD = "gnu++17";
				CODE_SIGN_STYLE = Automatic;
				DEVELOPMENT_TEAM = K8Q74NT2BG;
				FRAMEWORK_SEARCH_PATHS = "$(SRCROOT)/ssh";
				HEADER_SEARCH_PATHS = (
					"$(SRCROOT)/scrcpy-src",
					"$(SRCROOT)/Libs/include",
					"$(SRCROOT)/scrcpy-src/app/src",
				);
				OTHER_LDFLAGS = "-ObjC";
				PRODUCT_NAME = "$(TARGET_NAME)";
				SKIP_INSTALL = YES;
				TARGETED_DEVICE_FAMILY = "1,2";
			};
			name = Release;
		};
/* End XCBuildConfiguration section */

/* Begin XCConfigurationList section */
		AAA2218B26959AA000307990 /* Build configuration list for PBXProject "Scrcpy" */ = {
			isa = XCConfigurationList;
			buildConfigurations = (
				AAA221A726959AA200307990 /* Debug */,
				AAA221A826959AA200307990 /* Release */,
			);
			defaultConfigurationIsVisible = 0;
			defaultConfigurationName = Release;
		};
		AAA221A926959AA200307990 /* Build configuration list for PBXNativeTarget "Scrcpy" */ = {
			isa = XCConfigurationList;
			buildConfigurations = (
				AAA221AA26959AA200307990 /* Debug */,
				AAA221AB26959AA200307990 /* Release */,
			);
			defaultConfigurationIsVisible = 0;
			defaultConfigurationName = Release;
		};
		AAA222222695B3A600307990 /* Build configuration list for PBXNativeTarget "scrcpy-core" */ = {
			isa = XCConfigurationList;
			buildConfigurations = (
				AAA222232695B3A600307990 /* Debug */,
				AAA222242695B3A600307990 /* Release */,
			);
			defaultConfigurationIsVisible = 0;
			defaultConfigurationName = Release;
		};
		AACAD32A27591A070058EFDF /* Build configuration list for PBXNativeTarget "scrcpy-bridge" */ = {
			isa = XCConfigurationList;
			buildConfigurations = (
				AACAD32B27591A070058EFDF /* Debug */,
				AACAD32C27591A070058EFDF /* Release */,
			);
			defaultConfigurationIsVisible = 0;
			defaultConfigurationName = Release;
		};
/* End XCConfigurationList section */
	};
	rootObject = AAA2218826959AA000307990 /* Project object */;
}
